
Microsoft Visual Studio Solution File, Format Version 12.00
# Visual Studio Version 17
VisualStudioVersion = 17.12.35707.178 d17.12
MinimumVisualStudioVersion = 10.0.40219.1
Project("{8BC9CEB8-8B4A-11D0-8D11-00A0C91BC942}") = "Starry Trail", "Starry Trail\Starry Trail.vcxproj", "{059A1EEF-0926-48F3-AB24-F319951852ED}"
EndProject
Global
	GlobalSection(SolutionConfigurationPlatforms) = preSolution
		Debug|x64 = Debug|x64
		Debug|x86 = Debug|x86
		Release|x64 = Release|x64
		Release|x86 = Release|x86
	EndGlobalSection
	GlobalSection(ProjectConfigurationPlatforms) = postSolution
		{059A1EEF-0926-48F3-AB24-F319951852ED}.Debug|x64.ActiveCfg = Debug|x64
		{059A1EEF-0926-48F3-AB24-F319951852ED}.Debug|x64.Build.0 = Debug|x64
		{059A1EEF-0926-48F3-AB24-F319951852ED}.Debug|x86.ActiveCfg = Debug|Win32
		{059A1EEF-0926-48F3-AB24-F319951852ED}.Debug|x86.Build.0 = Debug|Win32
		{059A1EEF-0926-48F3-AB24-F319951852ED}.Release|x64.ActiveCfg = Release|x64
		{059A1EEF-0926-48F3-AB24-F319951852ED}.Release|x64.Build.0 = Release|x64
		{059A1EEF-0926-48F3-AB24-F319951852ED}.Release|x86.ActiveCfg = Release|Win32
		{059A1EEF-0926-48F3-AB24-F319951852ED}.Release|x86.Build.0 = Release|Win32
	EndGlobalSection
	GlobalSection(SolutionProperties) = preSolution
		HideSolutionNode = FALSE
	EndGlobalSection
EndGlobal
